
Microsoft Visual Studio Solution File, Format Version 12.00
# Visual Studio Version 16
VisualStudioVersion = 16.0.31613.86
MinimumVisualStudioVersion = 10.0.40219.1
Project("{9A19103F-16F7-4668-BE54-9A1E7A4F7556}") = "WordLadderLibrary", "..\ClassLibrary1\ClassLibrary1\WordLadderLibrary.csproj", "{A86AFAF5-FFDF-4512-B916-9EA9B4A0400B}"
EndProject
Project("{9A19103F-16F7-4668-BE54-9A1E7A4F7556}") = "WordLadderLibraryTest", "..\dijkstra3\WordLadderLibraryTest.csproj", "{7A389255-C00E-403A-8D73-E06AB1FC607D}"
EndProject
Global
	GlobalSection(SolutionConfigurationPlatforms) = preSolution
		Debug|Any CPU = Debug|Any CPU
		Release|Any CPU = Release|Any CPU
	EndGlobalSection
	GlobalSection(ProjectConfigurationPlatforms) = postSolution
		{A86AFAF5-FFDF-4512-B916-9EA9B4A0400B}.Debug|Any CPU.ActiveCfg = Debug|Any CPU
		{A86AFAF5-FFDF-4512-B916-9EA9B4A0400B}.Debug|Any CPU.Build.0 = Debug|Any CPU
		{A86AFAF5-FFDF-4512-B916-9EA9B4A0400B}.Release|Any CPU.ActiveCfg = Release|Any CPU
		{A86AFAF5-FFDF-4512-B916-9EA9B4A0400B}.Release|Any CPU.Build.0 = Release|Any CPU
		{7A389255-C00E-403A-8D73-E06AB1FC607D}.Debug|Any CPU.ActiveCfg = Debug|Any CPU
		{7A389255-C00E-403A-8D73-E06AB1FC607D}.Debug|Any CPU.Build.0 = Debug|Any CPU
		{7A389255-C00E-403A-8D73-E06AB1FC607D}.Release|Any CPU.ActiveCfg = Release|Any CPU
		{7A389255-C00E-403A-8D73-E06AB1FC607D}.Release|Any CPU.Build.0 = Release|Any CPU
	EndGlobalSection
	GlobalSection(SolutionProperties) = preSolution
		HideSolutionNode = FALSE
	EndGlobalSection
	GlobalSection(ExtensibilityGlobals) = postSolution
		SolutionGuid = {D3581F9F-06E3-4793-951A-0499892227A4}
	EndGlobalSection
EndGlobal
